
Microsoft Visual Studio Solution File, Format Version 12.00
# Visual Studio 14
VisualStudioVersion = 14.0.25420.1
MinimumVisualStudioVersion = 10.0.40219.1
Project("{8BC9CEB8-8B4A-11D0-8D11-00A0C91BC942}") = "stren", "stren\stren.vcxproj", "{D4E33939-5809-4C3B-8F81-70C6D86E637D}"
	ProjectSection(ProjectDependencies) = postProject
		{2BD5534E-00E2-4BEA-AC96-D9A92EA24696} = {2BD5534E-00E2-4BEA-AC96-D9A92EA24696}
		{DDDBD07D-DC76-4AF6-8D02-3E2DEB6EE255} = {DDDBD07D-DC76-4AF6-8D02-3E2DEB6EE255}
		{81CE8DAF-EBB2-4761-8E45-B71ABCCA8C68} = {81CE8DAF-EBB2-4761-8E45-B71ABCCA8C68}
		{F7E944B3-0815-40CD-B3E4-90B2A15B0E33} = {F7E944B3-0815-40CD-B3E4-90B2A15B0E33}
		{8FDB7EC4-41DF-4637-9869-934CA717613C} = {8FDB7EC4-41DF-4637-9869-934CA717613C}
		{EBDA67CA-4A23-4F22-BFBC-B8DBE0580D4F} = {EBDA67CA-4A23-4F22-BFBC-B8DBE0580D4F}
		{DA956FD3-E142-46F2-9DD5-C78BEBB56B7A} = {DA956FD3-E142-46F2-9DD5-C78BEBB56B7A}
		{B162B6F1-E876-4D5F-A1F6-E3A6DC2F4A2C} = {B162B6F1-E876-4D5F-A1F6-E3A6DC2F4A2C}
	EndProjectSection
EndProject
Project("{2150E333-8FDC-42A3-9474-1A3956D46DE8}") = "Solution Items", "Solution Items", "{7F3A4CE8-1A83-4145-9AC7-6A5492C006AF}"
EndProject
Project("{8BC9CEB8-8B4A-11D0-8D11-00A0C91BC942}") = "lua", "libs\lua\lua.vcxproj", "{8FDB7EC4-41DF-4637-9869-934CA717613C}"
EndProject
Project("{8BC9CEB8-8B4A-11D0-8D11-00A0C91BC942}") = "SDL2_ttf", "libs\sdl2_ttf\VisualC\SDL_ttf.vcxproj", "{DDDBD07D-DC76-4AF6-8D02-3E2DEB6EE255}"
EndProject
Project("{8BC9CEB8-8B4A-11D0-8D11-00A0C91BC942}") = "SDL2_mixer", "libs\sdl2_mix\VisualC\SDL_mixer.vcxproj", "{F7E944B3-0815-40CD-B3E4-90B2A15B0E33}"
EndProject
Project("{8BC9CEB8-8B4A-11D0-8D11-00A0C91BC942}") = "SDL2_image", "libs\sdl2_img\VisualC\SDL_image.vcxproj", "{2BD5534E-00E2-4BEA-AC96-D9A92EA24696}"
EndProject
Project("{8BC9CEB8-8B4A-11D0-8D11-00A0C91BC942}") = "SDL2", "libs\sdl2\VisualC\SDL\SDL.vcxproj", "{81CE8DAF-EBB2-4761-8E45-B71ABCCA8C68}"
	ProjectSection(ProjectDependencies) = postProject
		{DA956FD3-E142-46F2-9DD5-C78BEBB56B7A} = {DA956FD3-E142-46F2-9DD5-C78BEBB56B7A}
	EndProjectSection
EndProject
Project("{8BC9CEB8-8B4A-11D0-8D11-00A0C91BC942}") = "SDL2main", "libs\sdl2\VisualC\SDLmain\SDLmain.vcxproj", "{DA956FD3-E142-46F2-9DD5-C78BEBB56B7A}"
EndProject
Project("{8BC9CEB8-8B4A-11D0-8D11-00A0C91BC942}") = "native_midi", "libs\sdl2_mix\VisualC\native_midi\native_midi.vcxproj", "{EBDA67CA-4A23-4F22-BFBC-B8DBE0580D4F}"
EndProject
Project("{8BC9CEB8-8B4A-11D0-8D11-00A0C91BC942}") = "timidity", "libs\sdl2_mix\VisualC\timidity\timidity.vcxproj", "{B162B6F1-E876-4D5F-A1F6-E3A6DC2F4A2C}"
EndProject
Global
	GlobalSection(SolutionConfigurationPlatforms) = preSolution
		Debug|x86 = Debug|x86
		Release|x86 = Release|x86
	EndGlobalSection
	GlobalSection(ProjectConfigurationPlatforms) = postSolution
		{D4E33939-5809-4C3B-8F81-70C6D86E637D}.Debug|x86.ActiveCfg = Debug|Win32
		{D4E33939-5809-4C3B-8F81-70C6D86E637D}.Debug|x86.Build.0 = Debug|Win32
		{D4E33939-5809-4C3B-8F81-70C6D86E637D}.Release|x86.ActiveCfg = Release|Win32
		{D4E33939-5809-4C3B-8F81-70C6D86E637D}.Release|x86.Build.0 = Release|Win32
		{8FDB7EC4-41DF-4637-9869-934CA717613C}.Debug|x86.ActiveCfg = Debug|Win32
		{8FDB7EC4-41DF-4637-9869-934CA717613C}.Debug|x86.Build.0 = Debug|Win32
		{8FDB7EC4-41DF-4637-9869-934CA717613C}.Release|x86.ActiveCfg = Release|Win32
		{8FDB7EC4-41DF-4637-9869-934CA717613C}.Release|x86.Build.0 = Release|Win32
		{DDDBD07D-DC76-4AF6-8D02-3E2DEB6EE255}.Debug|x86.ActiveCfg = Debug|Win32
		{DDDBD07D-DC76-4AF6-8D02-3E2DEB6EE255}.Debug|x86.Build.0 = Debug|Win32
		{DDDBD07D-DC76-4AF6-8D02-3E2DEB6EE255}.Release|x86.ActiveCfg = Release|Win32
		{DDDBD07D-DC76-4AF6-8D02-3E2DEB6EE255}.Release|x86.Build.0 = Release|Win32
		{F7E944B3-0815-40CD-B3E4-90B2A15B0E33}.Debug|x86.ActiveCfg = Debug|Win32
		{F7E944B3-0815-40CD-B3E4-90B2A15B0E33}.Debug|x86.Build.0 = Debug|Win32
		{F7E944B3-0815-40CD-B3E4-90B2A15B0E33}.Release|x86.ActiveCfg = Release|Win32
		{F7E944B3-0815-40CD-B3E4-90B2A15B0E33}.Release|x86.Build.0 = Release|Win32
		{2BD5534E-00E2-4BEA-AC96-D9A92EA24696}.Debug|x86.ActiveCfg = Debug|Win32
		{2BD5534E-00E2-4BEA-AC96-D9A92EA24696}.Debug|x86.Build.0 = Debug|Win32
		{2BD5534E-00E2-4BEA-AC96-D9A92EA24696}.Release|x86.ActiveCfg = Release|Win32
		{2BD5534E-00E2-4BEA-AC96-D9A92EA24696}.Release|x86.Build.0 = Release|Win32
		{81CE8DAF-EBB2-4761-8E45-B71ABCCA8C68}.Debug|x86.ActiveCfg = Debug|Win32
		{81CE8DAF-EBB2-4761-8E45-B71ABCCA8C68}.Debug|x86.Build.0 = Debug|Win32
		{81CE8DAF-EBB2-4761-8E45-B71ABCCA8C68}.Release|x86.ActiveCfg = Release|Win32
		{81CE8DAF-EBB2-4761-8E45-B71ABCCA8C68}.Release|x86.Build.0 = Release|Win32
		{DA956FD3-E142-46F2-9DD5-C78BEBB56B7A}.Debug|x86.ActiveCfg = Debug|Win32
		{DA956FD3-E142-46F2-9DD5-C78BEBB56B7A}.Debug|x86.Build.0 = Debug|Win32
		{DA956FD3-E142-46F2-9DD5-C78BEBB56B7A}.Release|x86.ActiveCfg = Release|Win32
		{DA956FD3-E142-46F2-9DD5-C78BEBB56B7A}.Release|x86.Build.0 = Release|Win32
		{EBDA67CA-4A23-4F22-BFBC-B8DBE0580D4F}.Debug|x86.ActiveCfg = Debug|Win32
		{EBDA67CA-4A23-4F22-BFBC-B8DBE0580D4F}.Debug|x86.Build.0 = Debug|Win32
		{EBDA67CA-4A23-4F22-BFBC-B8DBE0580D4F}.Release|x86.ActiveCfg = Release|Win32
		{EBDA67CA-4A23-4F22-BFBC-B8DBE0580D4F}.Release|x86.Build.0 = Release|Win32
		{B162B6F1-E876-4D5F-A1F6-E3A6DC2F4A2C}.Debug|x86.ActiveCfg = Debug|Win32
		{B162B6F1-E876-4D5F-A1F6-E3A6DC2F4A2C}.Debug|x86.Build.0 = Debug|Win32
		{B162B6F1-E876-4D5F-A1F6-E3A6DC2F4A2C}.Release|x86.ActiveCfg = Release|Win32
		{B162B6F1-E876-4D5F-A1F6-E3A6DC2F4A2C}.Release|x86.Build.0 = Release|Win32
	EndGlobalSection
	GlobalSection(SolutionProperties) = preSolution
		HideSolutionNode = FALSE
	EndGlobalSection
	GlobalSection(TestCaseManagementSettings) = postSolution
		CategoryFile = cf_engine.vsmdi
	EndGlobalSection
EndGlobal
